
Microsoft Visual Studio Solution File, Format Version 12.00
# Visual Studio Version 17
VisualStudioVersion = 17.1.32421.90
MinimumVisualStudioVersion = 10.0.40219.1
Project("{FAE04EC0-301F-11D3-BF4B-00C04F79EFBC}") = "DomainLayer", "DomainLayer\DomainLayer.csproj", "{6B24FA30-B463-4972-BD70-3D833E19221A}"
EndProject
Project("{FAE04EC0-301F-11D3-BF4B-00C04F79EFBC}") = "RepositoryLayer", "RepositoryLayer\RepositoryLayer.csproj", "{52331DE8-2100-4F7E-8A27-B8E33A57AB92}"
EndProject
Project("{FAE04EC0-301F-11D3-BF4B-00C04F79EFBC}") = "ServiceLayer", "ServiceLayer\ServiceLayer.csproj", "{5C912F05-31E1-4740-87EE-8F81E3D47139}"
EndProject
Project("{FAE04EC0-301F-11D3-BF4B-00C04F79EFBC}") = "OnionArchitectureAPI", "OnionArchitectureAPI\OnionArchitectureAPI.csproj", "{BB2A9704-8B78-41E3-B23B-A8EA0B4409FC}"
EndProject
Global
	GlobalSection(SolutionConfigurationPlatforms) = preSolution
		Debug|Any CPU = Debug|Any CPU
		Release|Any CPU = Release|Any CPU
	EndGlobalSection
	GlobalSection(ProjectConfigurationPlatforms) = postSolution
		{6B24FA30-B463-4972-BD70-3D833E19221A}.Debug|Any CPU.ActiveCfg = Debug|Any CPU
		{6B24FA30-B463-4972-BD70-3D833E19221A}.Debug|Any CPU.Build.0 = Debug|Any CPU
		{6B24FA30-B463-4972-BD70-3D833E19221A}.Release|Any CPU.ActiveCfg = Release|Any CPU
		{6B24FA30-B463-4972-BD70-3D833E19221A}.Release|Any CPU.Build.0 = Release|Any CPU
		{52331DE8-2100-4F7E-8A27-B8E33A57AB92}.Debug|Any CPU.ActiveCfg = Debug|Any CPU
		{52331DE8-2100-4F7E-8A27-B8E33A57AB92}.Debug|Any CPU.Build.0 = Debug|Any CPU
		{52331DE8-2100-4F7E-8A27-B8E33A57AB92}.Release|Any CPU.ActiveCfg = Release|Any CPU
		{52331DE8-2100-4F7E-8A27-B8E33A57AB92}.Release|Any CPU.Build.0 = Release|Any CPU
		{5C912F05-31E1-4740-87EE-8F81E3D47139}.Debug|Any CPU.ActiveCfg = Debug|Any CPU
		{5C912F05-31E1-4740-87EE-8F81E3D47139}.Debug|Any CPU.Build.0 = Debug|Any CPU
		{5C912F05-31E1-4740-87EE-8F81E3D47139}.Release|Any CPU.ActiveCfg = Release|Any CPU
		{5C912F05-31E1-4740-87EE-8F81E3D47139}.Release|Any CPU.Build.0 = Release|Any CPU
		{BB2A9704-8B78-41E3-B23B-A8EA0B4409FC}.Debug|Any CPU.ActiveCfg = Debug|Any CPU
		{BB2A9704-8B78-41E3-B23B-A8EA0B4409FC}.Debug|Any CPU.Build.0 = Debug|Any CPU
		{BB2A9704-8B78-41E3-B23B-A8EA0B4409FC}.Release|Any CPU.ActiveCfg = Release|Any CPU
		{BB2A9704-8B78-41E3-B23B-A8EA0B4409FC}.Release|Any CPU.Build.0 = Release|Any CPU
	EndGlobalSection
	GlobalSection(SolutionProperties) = preSolution
		HideSolutionNode = FALSE
	EndGlobalSection
	GlobalSection(ExtensibilityGlobals) = postSolution
		SolutionGuid = {EB53C0AF-19CA-47E8-A52E-2417C15432F0}
	EndGlobalSection
EndGlobal
